// !$*UTF8*$!
{
	archiveVersion = 1;
	classes = {
	};
	objectVersion = 46;
	objects = {

/* Begin PBXBuildFile section */
		313BE1071D36B96F001B9A41 /* AppDelegate.swift in Sources */ = {isa = PBXBuildFile; fileRef = 313BE1061D36B96F001B9A41 /* AppDelegate.swift */; };
		313BE1091D36B96F001B9A41 /* ViewController.swift in Sources */ = {isa = PBXBuildFile; fileRef = 313BE1081D36B96F001B9A41 /* ViewController.swift */; };
		313BE10C1D36B96F001B9A41 /* Main.storyboard in Resources */ = {isa = PBXBuildFile; fileRef = 313BE10A1D36B96F001B9A41 /* Main.storyboard */; };
		313BE10E1D36B96F001B9A41 /* Assets.xcassets in Resources */ = {isa = PBXBuildFile; fileRef = 313BE10D1D36B96F001B9A41 /* Assets.xcassets */; };
		313BE1111D36B96F001B9A41 /* LaunchScreen.storyboard in Resources */ = {isa = PBXBuildFile; fileRef = 313BE10F1D36B96F001B9A41 /* LaunchScreen.storyboard */; };
		313BE1191D36B9F5001B9A41 /* Simulator Screen Shot 03-Jul-2016, 5.55.35 PM.png in Resources */ = {isa = PBXBuildFile; fileRef = 313BE1181D36B9F5001B9A41 /* Simulator Screen Shot 03-Jul-2016, 5.55.35 PM.png */; };
		313BE11B1D36BA43001B9A41 /* Simulator Screen Shot 03-Jul-2016, 5.55.37 PM.png in Resources */ = {isa = PBXBuildFile; fileRef = 313BE11A1D36BA43001B9A41 /* Simulator Screen Shot 03-Jul-2016, 5.55.37 PM.png */; };
		313BE11D1D36BAFE001B9A41 /* Simulator Screen Shot 03-Jul-2016, 5.56.57 PM.png in Resources */ = {isa = PBXBuildFile; fileRef = 313BE11C1D36BAFE001B9A41 /* Simulator Screen Shot 03-Jul-2016, 5.56.57 PM.png */; };
		313BE11F1D36BB75001B9A41 /* Simulator Screen Shot 03-Jul-2016, 5.56.12 PM.png in Resources */ = {isa = PBXBuildFile; fileRef = 313BE11E1D36BB75001B9A41 /* Simulator Screen Shot 03-Jul-2016, 5.56.12 PM.png */; };
		313BE1211D36C093001B9A41 /* Simulator Screen Shot 03-Jul-2016, 5.55.44 PM.png in Resources */ = {isa = PBXBuildFile; fileRef = 313BE1201D36C093001B9A41 /* Simulator Screen Shot 03-Jul-2016, 5.55.44 PM.png */; };
		313BE1231D36C13B001B9A41 /* Simulator Screen Shot 03-Jul-2016, 5.55.58 PM.png in Resources */ = {isa = PBXBuildFile; fileRef = 313BE1221D36C13B001B9A41 /* Simulator Screen Shot 03-Jul-2016, 5.55.58 PM.png */; };
		313BE1251D36C318001B9A41 /* Simulator Screen Shot 03-Jul-2016, 5.55.35 PM.png in Resources */ = {isa = PBXBuildFile; fileRef = 313BE1241D36C318001B9A41 /* Simulator Screen Shot 03-Jul-2016, 5.55.35 PM.png */; };
		313BE1271D36C3AC001B9A41 /* Simulator Screen Shot 03-Jul-2016, 5.55.47 PM.png in Resources */ = {isa = PBXBuildFile; fileRef = 313BE1261D36C3AC001B9A41 /* Simulator Screen Shot 03-Jul-2016, 5.55.47 PM.png */; };
		313BE1291D36C454001B9A41 /* url.html in Resources */ = {isa = PBXBuildFile; fileRef = 313BE1281D36C454001B9A41 /* url.html */; };
		313BE12B1D36C51D001B9A41 /* 1.png in Resources */ = {isa = PBXBuildFile; fileRef = 313BE12A1D36C51D001B9A41 /* 1.png */; };
		313BE12D1D36C634001B9A41 /* 2.png in Resources */ = {isa = PBXBuildFile; fileRef = 313BE12C1D36C634001B9A41 /* 2.png */; };
		31BEC0681D373CED009BB509 /* 3.png in Resources */ = {isa = PBXBuildFile; fileRef = 31BEC0671D373CED009BB509 /* 3.png */; };
/* End PBXBuildFile section */

/* Begin PBXFileReference section */
		313BE1031D36B96F001B9A41 /* Test.app */ = {isa = PBXFileReference; explicitFileType = wrapper.application; includeInIndex = 0; path = Test.app; sourceTree = BUILT_PRODUCTS_DIR; };
		313BE1061D36B96F001B9A41 /* AppDelegate.swift */ = {isa = PBXFileReference; lastKnownFileType = sourcecode.swift; path = AppDelegate.swift; sourceTree = "<group>"; };
		313BE1081D36B96F001B9A41 /* ViewController.swift */ = {isa = PBXFileReference; lastKnownFileType = sourcecode.swift; path = ViewController.swift; sourceTree = "<group>"; };
		313BE10B1D36B96F001B9A41 /* Base */ = {isa = PBXFileReference; lastKnownFileType = file.storyboard; name = Base; path = Base.lproj/Main.storyboard; sourceTree = "<group>"; };
		313BE10D1D36B96F001B9A41 /* Assets.xcassets */ = {isa = PBXFileReference; lastKnownFileType = folder.assetcatalog; path = Assets.xcassets; sourceTree = "<group>"; };
		313BE1101D36B96F001B9A41 /* Base */ = {isa = PBXFileReference; lastKnownFileType = file.storyboard; name = Base; path = Base.lproj/LaunchScreen.storyboard; sourceTree = "<group>"; };
		313BE1121D36B96F001B9A41 /* Info.plist */ = {isa = PBXFileReference; lastKnownFileType = text.plist.xml; path = Info.plist; sourceTree = "<group>"; };
		313BE1181D36B9F5001B9A41 /* Simulator Screen Shot 03-Jul-2016, 5.55.35 PM.png */ = {isa = PBXFileReference; lastKnownFileType = image.png; path = "Simulator Screen Shot 03-Jul-2016, 5.55.35 PM.png"; sourceTree = "<group>"; };
		313BE11A1D36BA43001B9A41 /* Simulator Screen Shot 03-Jul-2016, 5.55.37 PM.png */ = {isa = PBXFileReference; lastKnownFileType = image.png; path = "Simulator Screen Shot 03-Jul-2016, 5.55.37 PM.png"; sourceTree = "<group>"; };
		313BE11C1D36BAFE001B9A41 /* Simulator Screen Shot 03-Jul-2016, 5.56.57 PM.png */ = {isa = PBXFileReference; lastKnownFileType = image.png; path = "Simulator Screen Shot 03-Jul-2016, 5.56.57 PM.png"; sourceTree = "<group>"; };
		313BE11E1D36BB75001B9A41 /* Simulator Screen Shot 03-Jul-2016, 5.56.12 PM.png */ = {isa = PBXFileReference; lastKnownFileType = image.png; path = "Simulator Screen Shot 03-Jul-2016, 5.56.12 PM.png"; sourceTree = "<group>"; };
		313BE1201D36C093001B9A41 /* Simulator Screen Shot 03-Jul-2016, 5.55.44 PM.png */ = {isa = PBXFileReference; lastKnownFileType = image.png; path = "Simulator Screen Shot 03-Jul-2016, 5.55.44 PM.png"; sourceTree = "<group>"; };
		313BE1221D36C13B001B9A41 /* Simulator Screen Shot 03-Jul-2016, 5.55.58 PM.png */ = {isa = PBXFileReference; lastKnownFileType = image.png; path = "Simulator Screen Shot 03-Jul-2016, 5.55.58 PM.png"; sourceTree = "<group>"; };
		313BE1241D36C318001B9A41 /* Simulator Screen Shot 03-Jul-2016, 5.55.35 PM.png */ = {isa = PBXFileReference; lastKnownFileType = image.png; path = "Simulator Screen Shot 03-Jul-2016, 5.55.35 PM.png"; sourceTree = "<group>"; };
		313BE1261D36C3AC001B9A41 /* Simulator Screen Shot 03-Jul-2016, 5.55.47 PM.png */ = {isa = PBXFileReference; lastKnownFileType = image.png; path = "Simulator Screen Shot 03-Jul-2016, 5.55.47 PM.png"; sourceTree = "<group>"; };
		313BE1281D36C454001B9A41 /* url.html */ = {isa = PBXFileReference; fileEncoding = 4; lastKnownFileType = text.html; path = url.html; sourceTree = "<group>"; };
		313BE12A1D36C51D001B9A41 /* 1.png */ = {isa = PBXFileReference; lastKnownFileType = image.png; path = 1.png; sourceTree = "<group>"; };
		313BE12C1D36C634001B9A41 /* 2.png */ = {isa = PBXFileReference; lastKnownFileType = image.png; path = 2.png; sourceTree = "<group>"; };
		31BEC0671D373CED009BB509 /* 3.png */ = {isa = PBXFileReference; lastKnownFileType = image.png; path = 3.png; sourceTree = "<group>"; };
/* End PBXFileReference section */

/* Begin PBXFrameworksBuildPhase section */
		313BE1001D36B96F001B9A41 /* Frameworks */ = {
			isa = PBXFrameworksBuildPhase;
			buildActionMask = 2147483647;
			files = (
			);
			runOnlyForDeploymentPostprocessing = 0;
		};
/* End PBXFrameworksBuildPhase section */

/* Begin PBXGroup section */
		313BE0FA1D36B96F001B9A41 = {
			isa = PBXGroup;
			children = (
				313BE1241D36C318001B9A41 /* Simulator Screen Shot 03-Jul-2016, 5.55.35 PM.png */,
				313BE1051D36B96F001B9A41 /* Test */,
				313BE1041D36B96F001B9A41 /* Products */,
			);
			sourceTree = "<group>";
		};
		313BE1041D36B96F001B9A41 /* Products */ = {
			isa = PBXGroup;
			children = (
				313BE1031D36B96F001B9A41 /* Test.app */,
			);
			name = Products;
			sourceTree = "<group>";
		};
		313BE1051D36B96F001B9A41 /* Test */ = {
			isa = PBXGroup;
			children = (
				31BEC0661D373CE3009BB509 /* Images */,
				313BE12C1D36C634001B9A41 /* 2.png */,
				313BE12A1D36C51D001B9A41 /* 1.png */,
				313BE1281D36C454001B9A41 /* url.html */,
				313BE1261D36C3AC001B9A41 /* Simulator Screen Shot 03-Jul-2016, 5.55.47 PM.png */,
				313BE1221D36C13B001B9A41 /* Simulator Screen Shot 03-Jul-2016, 5.55.58 PM.png */,
				313BE1201D36C093001B9A41 /* Simulator Screen Shot 03-Jul-2016, 5.55.44 PM.png */,
				313BE11E1D36BB75001B9A41 /* Simulator Screen Shot 03-Jul-2016, 5.56.12 PM.png */,
				313BE11C1D36BAFE001B9A41 /* Simulator Screen Shot 03-Jul-2016, 5.56.57 PM.png */,
				313BE11A1D36BA43001B9A41 /* Simulator Screen Shot 03-Jul-2016, 5.55.37 PM.png */,
				313BE1181D36B9F5001B9A41 /* Simulator Screen Shot 03-Jul-2016, 5.55.35 PM.png */,
				313BE1061D36B96F001B9A41 /* AppDelegate.swift */,
				313BE1081D36B96F001B9A41 /* ViewController.swift */,
				313BE10A1D36B96F001B9A41 /* Main.storyboard */,
				313BE10D1D36B96F001B9A41 /* Assets.xcassets */,
				313BE10F1D36B96F001B9A41 /* LaunchScreen.storyboard */,
				313BE1121D36B96F001B9A41 /* Info.plist */,
			);
			path = Test;
			sourceTree = "<group>";
		};
		31BEC0661D373CE3009BB509 /* Images */ = {
			isa = PBXGroup;
			children = (
				31BEC0671D373CED009BB509 /* 3.png */,
			);
			path = Images;
			sourceTree = "<group>";
		};
/* End PBXGroup section */

/* Begin PBXNativeTarget section */
		313BE1021D36B96F001B9A41 /* Test */ = {
			isa = PBXNativeTarget;
			buildConfigurationList = 313BE1151D36B96F001B9A41 /* Build configuration list for PBXNativeTarget "Test" */;
			buildPhases = (
				313BE0FF1D36B96F001B9A41 /* Sources */,
				313BE1001D36B96F001B9A41 /* Frameworks */,
				313BE1011D36B96F001B9A41 /* Resources */,
			);
			buildRules = (
			);
			dependencies = (
			);
			name = Test;
			productName = Test;
			productReference = 313BE1031D36B96F001B9A41 /* Test.app */;
			productType = "com.apple.product-type.application";
		};
/* End PBXNativeTarget section */

/* Begin PBXProject section */
		313BE0FB1D36B96F001B9A41 /* Project object */ = {
			isa = PBXProject;
			attributes = {
				LastSwiftUpdateCheck = 0720;
				LastUpgradeCheck = 0720;
				ORGANIZATIONNAME = "Ambuj Shukla";
				TargetAttributes = {
					313BE1021D36B96F001B9A41 = {
						CreatedOnToolsVersion = 7.2.1;
					};
				};
			};
			buildConfigurationList = 313BE0FE1D36B96F001B9A41 /* Build configuration list for PBXProject "Test" */;
			compatibilityVersion = "Xcode 3.2";
			developmentRegion = English;
			hasScannedForEncodings = 0;
			knownRegions = (
				en,
				Base,
			);
			mainGroup = 313BE0FA1D36B96F001B9A41;
			productRefGroup = 313BE1041D36B96F001B9A41 /* Products */;
			projectDirPath = "";
			projectRoot = "";
			targets = (
				313BE1021D36B96F001B9A41 /* Test */,
			);
		};
/* End PBXProject section */

/* Begin PBXResourcesBuildPhase section */
		313BE1011D36B96F001B9A41 /* Resources */ = {
			isa = PBXResourcesBuildPhase;
			buildActionMask = 2147483647;
			files = (
				31BEC0681D373CED009BB509 /* 3.png in Resources */,
				313BE11D1D36BAFE001B9A41 /* Simulator Screen Shot 03-Jul-2016, 5.56.57 PM.png in Resources */,
				313BE1111D36B96F001B9A41 /* LaunchScreen.storyboard in Resources */,
				313BE12D1D36C634001B9A41 /* 2.png in Resources */,
				313BE1291D36C454001B9A41 /* url.html in Resources */,
				313BE10E1D36B96F001B9A41 /* Assets.xcassets in Resources */,
				313BE1271D36C3AC001B9A41 /* Simulator Screen Shot 03-Jul-2016, 5.55.47 PM.png in Resources */,
				313BE12B1D36C51D001B9A41 /* 1.png in Resources */,
				313BE10C1D36B96F001B9A41 /* Main.storyboard in Resources */,
				313BE1231D36C13B001B9A41 /* Simulator Screen Shot 03-Jul-2016, 5.55.58 PM.png in Resources */,
				313BE1251D36C318001B9A41 /* Simulator Screen Shot 03-Jul-2016, 5.55.35 PM.png in Resources */,
				313BE11B1D36BA43001B9A41 /* Simulator Screen Shot 03-Jul-2016, 5.55.37 PM.png in Resources */,
				313BE11F1D36BB75001B9A41 /* Simulator Screen Shot 03-Jul-2016, 5.56.12 PM.png in Resources */,
				313BE1191D36B9F5001B9A41 /* Simulator Screen Shot 03-Jul-2016, 5.55.35 PM.png in Resources */,
				313BE1211D36C093001B9A41 /* Simulator Screen Shot 03-Jul-2016, 5.55.44 PM.png in Resources */,
			);
			runOnlyForDeploymentPostprocessing = 0;
		};
/* End PBXResourcesBuildPhase section */

/* Begin PBXSourcesBuildPhase section */
		313BE0FF1D36B96F001B9A41 /* Sources */ = {
			isa = PBXSourcesBuildPhase;
			buildActionMask = 2147483647;
			files = (
				313BE1091D36B96F001B9A41 /* ViewController.swift in Sources */,
				313BE1071D36B96F001B9A41 /* AppDelegate.swift in Sources */,
			);
			runOnlyForDeploymentPostprocessing = 0;
		};
/* End PBXSourcesBuildPhase section */

/* Begin PBXVariantGroup section */
		313BE10A1D36B96F001B9A41 /* Main.storyboard */ = {
			isa = PBXVariantGroup;
			children = (
				313BE10B1D36B96F001B9A41 /* Base */,
			);
			name = Main.storyboard;
			sourceTree = "<group>";
		};
		313BE10F1D36B96F001B9A41 /* LaunchScreen.storyboard */ = {
			isa = PBXVariantGroup;
			children = (
				313BE1101D36B96F001B9A41 /* Base */,
			);
			name = LaunchScreen.storyboard;
			sourceTree = "<group>";
		};
/* End PBXVariantGroup section */

/* Begin XCBuildConfiguration section */
		313BE1131D36B96F001B9A41 /* Debug */ = {
			isa = XCBuildConfiguration;
			buildSettings = {
				ALWAYS_SEARCH_USER_PATHS = NO;
				CLANG_CXX_LANGUAGE_STANDARD = "gnu++0x";
				CLANG_CXX_LIBRARY = "libc++";
				CLANG_ENABLE_MODULES = YES;
				CLANG_ENABLE_OBJC_ARC = YES;
				CLANG_WARN_BOOL_CONVERSION = YES;
				CLANG_WARN_CONSTANT_CONVERSION = YES;
				CLANG_WARN_DIRECT_OBJC_ISA_USAGE = YES_ERROR;
				CLANG_WARN_EMPTY_BODY = YES;
				CLANG_WARN_ENUM_CONVERSION = YES;
				CLANG_WARN_INT_CONVERSION = YES;
				CLANG_WARN_OBJC_ROOT_CLASS = YES_ERROR;
				CLANG_WARN_UNREACHABLE_CODE = YES;
				CLANG_WARN__DUPLICATE_METHOD_MATCH = YES;
				"CODE_SIGN_IDENTITY[sdk=iphoneos*]" = "iPhone Developer";
				COPY_PHASE_STRIP = NO;
				DEBUG_INFORMATION_FORMAT = dwarf;
				ENABLE_STRICT_OBJC_MSGSEND = YES;
				ENABLE_TESTABILITY = YES;
				GCC_C_LANGUAGE_STANDARD = gnu99;
				GCC_DYNAMIC_NO_PIC = NO;
				GCC_NO_COMMON_BLOCKS = YES;
				GCC_OPTIMIZATION_LEVEL = 0;
				GCC_PREPROCESSOR_DEFINITIONS = (
					"DEBUG=1",
					"$(inherited)",
				);
				GCC_WARN_64_TO_32_BIT_CONVERSION = YES;
				GCC_WARN_ABOUT_RETURN_TYPE = YES_ERROR;
				GCC_WARN_UNDECLARED_SELECTOR = YES;
				GCC_WARN_UNINITIALIZED_AUTOS = YES_AGGRESSIVE;
				GCC_WARN_UNUSED_FUNCTION = YES;
				GCC_WARN_UNUSED_VARIABLE = YES;
				IPHONEOS_DEPLOYMENT_TARGET = 9.2;
				MTL_ENABLE_DEBUG_INFO = YES;
				ONLY_ACTIVE_ARCH = YES;
				SDKROOT = iphoneos;
				SWIFT_OPTIMIZATION_LEVEL = "-Onone";
				TARGETED_DEVICE_FAMILY = "1,2";
			};
			name = Debug;
		};
		313BE1141D36B96F001B9A41 /* Release */ = {
			isa = XCBuildConfiguration;
			buildSettings = {
				ALWAYS_SEARCH_USER_PATHS = NO;
				CLANG_CXX_LANGUAGE_STANDARD = "gnu++0x";
				CLANG_CXX_LIBRARY = "libc++";
				CLANG_ENABLE_MODULES = YES;
				CLANG_ENABLE_OBJC_ARC = YES;
				CLANG_WARN_BOOL_CONVERSION = YES;
				CLANG_WARN_CONSTANT_CONVERSION = YES;
				CLANG_WARN_DIRECT_OBJC_ISA_USAGE = YES_ERROR;
				CLANG_WARN_EMPTY_BODY = YES;
				CLANG_WARN_ENUM_CONVERSION = YES;
				CLANG_WARN_INT_CONVERSION = YES;
				CLANG_WARN_OBJC_ROOT_CLASS = YES_ERROR;
				CLANG_WARN_UNREACHABLE_CODE = YES;
				CLANG_WARN__DUPLICATE_METHOD_MATCH = YES;
				"CODE_SIGN_IDENTITY[sdk=iphoneos*]" = "iPhone Developer";
				COPY_PHASE_STRIP = NO;
				DEBUG_INFORMATION_FORMAT = "dwarf-with-dsym";
				ENABLE_NS_ASSERTIONS = NO;
				ENABLE_STRICT_OBJC_MSGSEND = YES;
				GCC_C_LANGUAGE_STANDARD = gnu99;
				GCC_NO_COMMON_BLOCKS = YES;
				GCC_WARN_64_TO_32_BIT_CONVERSION = YES;
				GCC_WARN_ABOUT_RETURN_TYPE = YES_ERROR;
				GCC_WARN_UNDECLARED_SELECTOR = YES;
				GCC_WARN_UNINITIALIZED_AUTOS = YES_AGGRESSIVE;
				GCC_WARN_UNUSED_FUNCTION = YES;
				GCC_WARN_UNUSED_VARIABLE = YES;
				IPHONEOS_DEPLOYMENT_TARGET = 9.2;
				MTL_ENABLE_DEBUG_INFO = NO;
				SDKROOT = iphoneos;
				TARGETED_DEVICE_FAMILY = "1,2";
				VALIDATE_PRODUCT = YES;
			};
			name = Release;
		};
		313BE1161D36B96F001B9A41 /* Debug */ = {
			isa = XCBuildConfiguration;
			buildSettings = {
				ASSETCATALOG_COMPILER_APPICON_NAME = AppIcon;
				INFOPLIST_FILE = Test/Info.plist;
				LD_RUNPATH_SEARCH_PATHS = "$(inherited) @executable_path/Frameworks";
				PRODUCT_BUNDLE_IDENTIFIER = ash.Test;
				PRODUCT_NAME = "$(TARGET_NAME)";
			};
			name = Debug;
		};
		313BE1171D36B96F001B9A41 /* Release */ = {
			isa = XCBuildConfiguration;
			buildSettings = {
				ASSETCATALOG_COMPILER_APPICON_NAME = AppIcon;
				INFOPLIST_FILE = Test/Info.plist;
				LD_RUNPATH_SEARCH_PATHS = "$(inherited) @executable_path/Frameworks";
				PRODUCT_BUNDLE_IDENTIFIER = ash.Test;
				PRODUCT_NAME = "$(TARGET_NAME)";
			};
			name = Release;
		};
/* End XCBuildConfiguration section */

/* Begin XCConfigurationList section */
		313BE0FE1D36B96F001B9A41 /* Build configuration list for PBXProject "Test" */ = {
			isa = XCConfigurationList;
			buildConfigurations = (
				313BE1131D36B96F001B9A41 /* Debug */,
				313BE1141D36B96F001B9A41 /* Release */,
			);
			defaultConfigurationIsVisible = 0;
			defaultConfigurationName = Release;
		};
		313BE1151D36B96F001B9A41 /* Build configuration list for PBXNativeTarget "Test" */ = {
			isa = XCConfigurationList;
			buildConfigurations = (
				313BE1161D36B96F001B9A41 /* Debug */,
				313BE1171D36B96F001B9A41 /* Release */,
			);
			defaultConfigurationIsVisible = 0;
			defaultConfigurationName = Release;
		};
/* End XCConfigurationList section */
	};
	rootObject = 313BE0FB1D36B96F001B9A41 /* Project object */;
}
